
Microsoft Visual Studio Solution File, Format Version 12.00
# Visual Studio Version 17
VisualStudioVersion = 17.0.32126.317
MinimumVisualStudioVersion = 10.0.40219.1
Project("{9A19103F-16F7-4668-BE54-9A1E7A4F7556}") = "Fda.Katas.ReverseString", "Fda.Katas.ReverseString\Fda.Katas.ReverseString.csproj", "{982E8819-5DC2-41DB-905E-C96FEE42893A}"
EndProject
Project("{9A19103F-16F7-4668-BE54-9A1E7A4F7556}") = "Fda.KatasRemoveFirstLastCharacter", "Fda.KatasRemoveFirstLastCharacter\Fda.KatasRemoveFirstLastCharacter.csproj", "{FC24D7F7-3623-4D28-8111-D0F9617764D9}"
EndProject
Project("{9A19103F-16F7-4668-BE54-9A1E7A4F7556}") = "Fda.Katas.VowelCount", "Fda.Katas.VowelCount\Fda.Katas.VowelCount.csproj", "{BCC083CC-6E50-4014-A3A2-A8163817CA47}"
EndProject
Project("{9A19103F-16F7-4668-BE54-9A1E7A4F7556}") = "Fda.Katas.MiddleCharacter", "Fda.Katas.MiddleCharacter\Fda.Katas.MiddleCharacter.csproj", "{AAEF6C68-730B-4B26-99E7-2B8A68751C19}"
EndProject
Project("{9A19103F-16F7-4668-BE54-9A1E7A4F7556}") = "Fda.Katas.RomanNumeralsEncoder", "Fda.Katas.RomanNumeralsEncoder\Fda.Katas.RomanNumeralsEncoder.csproj", "{A2BE396E-F46C-43DD-8452-C43724518212}"
EndProject
Project("{9A19103F-16F7-4668-BE54-9A1E7A4F7556}") = "Fda.Katas.MultiplesOf3Or5", "Fda.Katas.MultiplesOf3Or5\Fda.Katas.MultiplesOf3Or5.csproj", "{59CC1B6F-AAB7-4CA2-8F50-E48E46FBED8D}"
EndProject
Project("{2150E333-8FDC-42A3-9474-1A3956D46DE8}") = "Codewars", "Codewars", "{0370983C-6171-48A6-AB3B-6DFFE23E0A36}"
EndProject
Global
	GlobalSection(SolutionConfigurationPlatforms) = preSolution
		Debug|Any CPU = Debug|Any CPU
		Release|Any CPU = Release|Any CPU
	EndGlobalSection
	GlobalSection(ProjectConfigurationPlatforms) = postSolution
		{982E8819-5DC2-41DB-905E-C96FEE42893A}.Debug|Any CPU.ActiveCfg = Debug|Any CPU
		{982E8819-5DC2-41DB-905E-C96FEE42893A}.Debug|Any CPU.Build.0 = Debug|Any CPU
		{982E8819-5DC2-41DB-905E-C96FEE42893A}.Release|Any CPU.ActiveCfg = Release|Any CPU
		{982E8819-5DC2-41DB-905E-C96FEE42893A}.Release|Any CPU.Build.0 = Release|Any CPU
		{FC24D7F7-3623-4D28-8111-D0F9617764D9}.Debug|Any CPU.ActiveCfg = Debug|Any CPU
		{FC24D7F7-3623-4D28-8111-D0F9617764D9}.Debug|Any CPU.Build.0 = Debug|Any CPU
		{FC24D7F7-3623-4D28-8111-D0F9617764D9}.Release|Any CPU.ActiveCfg = Release|Any CPU
		{FC24D7F7-3623-4D28-8111-D0F9617764D9}.Release|Any CPU.Build.0 = Release|Any CPU
		{BCC083CC-6E50-4014-A3A2-A8163817CA47}.Debug|Any CPU.ActiveCfg = Debug|Any CPU
		{BCC083CC-6E50-4014-A3A2-A8163817CA47}.Debug|Any CPU.Build.0 = Debug|Any CPU
		{BCC083CC-6E50-4014-A3A2-A8163817CA47}.Release|Any CPU.ActiveCfg = Release|Any CPU
		{BCC083CC-6E50-4014-A3A2-A8163817CA47}.Release|Any CPU.Build.0 = Release|Any CPU
		{AAEF6C68-730B-4B26-99E7-2B8A68751C19}.Debug|Any CPU.ActiveCfg = Debug|Any CPU
		{AAEF6C68-730B-4B26-99E7-2B8A68751C19}.Debug|Any CPU.Build.0 = Debug|Any CPU
		{AAEF6C68-730B-4B26-99E7-2B8A68751C19}.Release|Any CPU.ActiveCfg = Release|Any CPU
		{AAEF6C68-730B-4B26-99E7-2B8A68751C19}.Release|Any CPU.Build.0 = Release|Any CPU
		{A2BE396E-F46C-43DD-8452-C43724518212}.Debug|Any CPU.ActiveCfg = Debug|Any CPU
		{A2BE396E-F46C-43DD-8452-C43724518212}.Debug|Any CPU.Build.0 = Debug|Any CPU
		{A2BE396E-F46C-43DD-8452-C43724518212}.Release|Any CPU.ActiveCfg = Release|Any CPU
		{A2BE396E-F46C-43DD-8452-C43724518212}.Release|Any CPU.Build.0 = Release|Any CPU
		{59CC1B6F-AAB7-4CA2-8F50-E48E46FBED8D}.Debug|Any CPU.ActiveCfg = Debug|Any CPU
		{59CC1B6F-AAB7-4CA2-8F50-E48E46FBED8D}.Debug|Any CPU.Build.0 = Debug|Any CPU
		{59CC1B6F-AAB7-4CA2-8F50-E48E46FBED8D}.Release|Any CPU.ActiveCfg = Release|Any CPU
		{59CC1B6F-AAB7-4CA2-8F50-E48E46FBED8D}.Release|Any CPU.Build.0 = Release|Any CPU
	EndGlobalSection
	GlobalSection(SolutionProperties) = preSolution
		HideSolutionNode = FALSE
	EndGlobalSection
	GlobalSection(NestedProjects) = preSolution
		{982E8819-5DC2-41DB-905E-C96FEE42893A} = {0370983C-6171-48A6-AB3B-6DFFE23E0A36}
		{FC24D7F7-3623-4D28-8111-D0F9617764D9} = {0370983C-6171-48A6-AB3B-6DFFE23E0A36}
		{BCC083CC-6E50-4014-A3A2-A8163817CA47} = {0370983C-6171-48A6-AB3B-6DFFE23E0A36}
		{AAEF6C68-730B-4B26-99E7-2B8A68751C19} = {0370983C-6171-48A6-AB3B-6DFFE23E0A36}
		{A2BE396E-F46C-43DD-8452-C43724518212} = {0370983C-6171-48A6-AB3B-6DFFE23E0A36}
		{59CC1B6F-AAB7-4CA2-8F50-E48E46FBED8D} = {0370983C-6171-48A6-AB3B-6DFFE23E0A36}
	EndGlobalSection
	GlobalSection(ExtensibilityGlobals) = postSolution
		SolutionGuid = {308B0862-4DEF-4669-A43C-280102235623}
	EndGlobalSection
EndGlobal
